
Microsoft Visual Studio Solution File, Format Version 12.00
# Visual Studio Version 16
VisualStudioVersion = 16.0.30907.101
MinimumVisualStudioVersion = 10.0.40219.1
Project("{E24C65DC-7377-472B-9ABA-BC803B73C61A}") = "EmployeeManagementSystem", "..\..\..\OneDrive\Desktop\Final Year Project\EmployeeManagementSystem\", "{834F4831-1131-4D30-8097-FD15D7E31824}"
	ProjectSection(WebsiteProperties) = preProject
		TargetFrameworkMoniker = ".NETFramework,Version%3Dv4.5.1"
		Debug.AspNetCompiler.VirtualPath = "/localhost_54392"
		Debug.AspNetCompiler.PhysicalPath = "..\..\..\OneDrive\Desktop\Final Year Project\EmployeeManagementSystem\"
		Debug.AspNetCompiler.TargetPath = "PrecompiledWeb\localhost_54392\"
		Debug.AspNetCompiler.Updateable = "true"
		Debug.AspNetCompiler.ForceOverwrite = "true"
		Debug.AspNetCompiler.FixedNames = "false"
		Debug.AspNetCompiler.Debug = "True"
		Release.AspNetCompiler.VirtualPath = "/localhost_54392"
		Release.AspNetCompiler.PhysicalPath = "..\..\..\OneDrive\Desktop\Final Year Project\EmployeeManagementSystem\"
		Release.AspNetCompiler.TargetPath = "PrecompiledWeb\localhost_54392\"
		Release.AspNetCompiler.Updateable = "true"
		Release.AspNetCompiler.ForceOverwrite = "true"
		Release.AspNetCompiler.FixedNames = "false"
		Release.AspNetCompiler.Debug = "False"
		VWDPort = "54392"
	EndProjectSection
EndProject
Global
	GlobalSection(SolutionConfigurationPlatforms) = preSolution
		Debug|Any CPU = Debug|Any CPU
	EndGlobalSection
	GlobalSection(ProjectConfigurationPlatforms) = postSolution
		{834F4831-1131-4D30-8097-FD15D7E31824}.Debug|Any CPU.ActiveCfg = Debug|Any CPU
		{834F4831-1131-4D30-8097-FD15D7E31824}.Debug|Any CPU.Build.0 = Debug|Any CPU
	EndGlobalSection
	GlobalSection(SolutionProperties) = preSolution
		HideSolutionNode = FALSE
	EndGlobalSection
	GlobalSection(ExtensibilityGlobals) = postSolution
		SolutionGuid = {3CDAF0F1-C4AA-4DE6-9707-8D41ABF05ACC}
	EndGlobalSection
EndGlobal
